
Microsoft Visual Studio Solution File, Format Version 12.00
# Visual Studio Version 16
VisualStudioVersion = 16.0.29102.190
MinimumVisualStudioVersion = 10.0.40219.1
Project("{9A19103F-16F7-4668-BE54-9A1E7A4F7556}") = "Classes", "Classes.csproj", "{2E7F358B-DAD5-48E5-8892-45AEF8125082}"
EndProject
Global
	GlobalSection(SolutionConfigurationPlatforms) = preSolution
		Debug|Any CPU = Debug|Any CPU
		Release|Any CPU = Release|Any CPU
	EndGlobalSection
	GlobalSection(ProjectConfigurationPlatforms) = postSolution
		{2E7F358B-DAD5-48E5-8892-45AEF8125082}.Debug|Any CPU.ActiveCfg = Debug|Any CPU
		{2E7F358B-DAD5-48E5-8892-45AEF8125082}.Debug|Any CPU.Build.0 = Debug|Any CPU
		{2E7F358B-DAD5-48E5-8892-45AEF8125082}.Release|Any CPU.ActiveCfg = Release|Any CPU
		{2E7F358B-DAD5-48E5-8892-45AEF8125082}.Release|Any CPU.Build.0 = Release|Any CPU
	EndGlobalSection
	GlobalSection(SolutionProperties) = preSolution
		HideSolutionNode = FALSE
	EndGlobalSection
	GlobalSection(ExtensibilityGlobals) = postSolution
		SolutionGuid = {EAB8609B-00EC-48D1-AE4E-53BE45E8D344}
	EndGlobalSection
EndGlobal
